name: Update_package-lock.json

on:
  push:
  workflow_dispatch:

jobs:
  build:
    runs-on: windows-latest

    steps:
      - name: Check out code
        uses: actions/checkout@v3

      - name: Set up Node.js
        uses: actions/setup-node@v3
        with:
          node-version: 20

      - name: Install Node.js dependencies
        run: npm install

      - name: Archive artifacts
        uses: actions/upload-artifact@v3
        with:
          name: package-lock.json
          path: package-lock.json